{
  "nodes": {
    "flake-parts": {
      "inputs": {
        "nixpkgs-lib": "nixpkgs-lib"
      },
      "locked": {
        "lastModified": 1738453229,
        "narHash": "sha256-7H9XgNiGLKN1G1CgRh0vUL4AheZSYzPm+zmZ7vxbJdo=",
        "owner": "hercules-ci",
        "repo": "flake-parts",
        "rev": "32ea77a06711b758da0ad9bd6a844c5740a87abd",
        "type": "github"
      },
      "original": {
        "owner": "hercules-ci",
        "repo": "flake-parts",
        "type": "github"
      }
    },
    "nixpkgs": {
      "locked": {
        "lastModified": 1739244429,
        "narHash": "sha256-mzUI5SjzzkveHqvdBYXD879J/40enHx8IpmIOrair2s=",
        "owner": "NixOS",
        "repo": "nixpkgs",
        "rev": "7c3f4d158bfe75750456635f11fb95d54ecc805d",
        "type": "github"
      },
      "original": {
        "owner": "NixOS",
        "repo": "nixpkgs",
        "type": "github"
      }
    },
    "nixpkgs-lib": {
      "locked": {
        "lastModified": 1738452942,
        "narHash": "sha256-vJzFZGaCpnmo7I6i416HaBLpC+hvcURh/BQwROcGIp8=",
        "type": "tarball",
        "url": "https://github.com/NixOS/nixpkgs/archive/072a6db25e947df2f31aab9eccd0ab75d5b2da11.tar.gz"
      },
      "original": {
        "type": "tarball",
        "url": "https://github.com/NixOS/nixpkgs/archive/072a6db25e947df2f31aab9eccd0ab75d5b2da11.tar.gz"
      }
    },
    "root": {
      "inputs": {
        "flake-parts": "flake-parts",
        "nixpkgs": "nixpkgs",
        "systems": "systems",
        "zig": "zig",
        "zon2nix": "zon2nix"
      }
    },
    "systems": {
      "locked": {
        "lastModified": 1681028828,
        "narHash": "sha256-Vy1rq5AaRuLzOxct8nz4T6wlgyUR7zLU309k9mBC768=",
        "owner": "nix-systems",
        "repo": "default",
        "rev": "da67096a3b9bf56a91d16901293e51ba5b49a27e",
        "type": "github"
      },
      "original": {
        "owner": "nix-systems",
        "repo": "default",
        "type": "github"
      }
    },
    "zig": {
      "flake": false,
      "locked": {
        "lastModified": 1739237575,
        "narHash": "sha256-v/FJnQ9hFoBQ+0piUbuOfL3SFFfmH4K2JmH+0x5SCP0=",
        "owner": "ziglang",
        "repo": "zig",
        "rev": "1d8857bbe3d0fe2bb33c459b3f11209bab424882",
        "type": "github"
      },
      "original": {
        "owner": "ziglang",
        "repo": "zig",
        "type": "github"
      }
    },
    "zon2nix": {
      "flake": false,
      "locked": {
        "lastModified": 1718260747,
        "narHash": "sha256-k6zZpD56l6pPGSnTwphbtBr1tM76FaBSkVl/q03uFKw=",
        "owner": "MidstallSoftware",
        "repo": "zon2nix",
        "rev": "fdd128ef7449536adf015607f90c06369a122d32",
        "type": "github"
      },
      "original": {
        "owner": "MidstallSoftware",
        "repo": "zon2nix",
        "type": "github"
      }
    }
  },
  "root": "root",
  "version": 7
}
